// !$*UTF8*$!
{
	archiveVersion = 1;
	classes = {
	};
	objectVersion = 46;
	objects = {

/* Begin PBXBuildFile section */
		15487DEF1C6D04D500CA6E13 /* AppDelegate.swift in Sources */ = {isa = PBXBuildFile; fileRef = 15487DEE1C6D04D500CA6E13 /* AppDelegate.swift */; };
		15487DF11C6D04D500CA6E13 /* ViewController.swift in Sources */ = {isa = PBXBuildFile; fileRef = 15487DF01C6D04D500CA6E13 /* ViewController.swift */; };
		15487DF41C6D04D500CA6E13 /* Main.storyboard in Resources */ = {isa = PBXBuildFile; fileRef = 15487DF21C6D04D500CA6E13 /* Main.storyboard */; };
		15487DF61C6D04D500CA6E13 /* Assets.xcassets in Resources */ = {isa = PBXBuildFile; fileRef = 15487DF51C6D04D500CA6E13 /* Assets.xcassets */; };
		15487DF91C6D04D500CA6E13 /* LaunchScreen.storyboard in Resources */ = {isa = PBXBuildFile; fileRef = 15487DF71C6D04D500CA6E13 /* LaunchScreen.storyboard */; };
/* End PBXBuildFile section */

/* Begin PBXFileReference section */
		15487DEB1C6D04D400CA6E13 /* GuardStatements.app */ = {isa = PBXFileReference; explicitFileType = wrapper.application; includeInIndex = 0; path = GuardStatements.app; sourceTree = BUILT_PRODUCTS_DIR; };
		15487DEE1C6D04D500CA6E13 /* AppDelegate.swift */ = {isa = PBXFileReference; lastKnownFileType = sourcecode.swift; path = AppDelegate.swift; sourceTree = "<group>"; };
		15487DF01C6D04D500CA6E13 /* ViewController.swift */ = {isa = PBXFileReference; lastKnownFileType = sourcecode.swift; path = ViewController.swift; sourceTree = "<group>"; };
		15487DF31C6D04D500CA6E13 /* Base */ = {isa = PBXFileReference; lastKnownFileType = file.storyboard; name = Base; path = Base.lproj/Main.storyboard; sourceTree = "<group>"; };
		15487DF51C6D04D500CA6E13 /* Assets.xcassets */ = {isa = PBXFileReference; lastKnownFileType = folder.assetcatalog; path = Assets.xcassets; sourceTree = "<group>"; };
		15487DF81C6D04D500CA6E13 /* Base */ = {isa = PBXFileReference; lastKnownFileType = file.storyboard; name = Base; path = Base.lproj/LaunchScreen.storyboard; sourceTree = "<group>"; };
		15487DFA1C6D04D500CA6E13 /* Info.plist */ = {isa = PBXFileReference; lastKnownFileType = text.plist.xml; path = Info.plist; sourceTree = "<group>"; };
/* End PBXFileReference section */

/* Begin PBXFrameworksBuildPhase section */
		15487DE81C6D04D400CA6E13 /* Frameworks */ = {
			isa = PBXFrameworksBuildPhase;
			buildActionMask = 2147483647;
			files = (
			);
			runOnlyForDeploymentPostprocessing = 0;
		};
/* End PBXFrameworksBuildPhase section */

/* Begin PBXGroup section */
		15487DE21C6D04D400CA6E13 = {
			isa = PBXGroup;
			children = (
				15487DED1C6D04D400CA6E13 /* GuardStatements */,
				15487DEC1C6D04D400CA6E13 /* Products */,
			);
			sourceTree = "<group>";
		};
		15487DEC1C6D04D400CA6E13 /* Products */ = {
			isa = PBXGroup;
			children = (
				15487DEB1C6D04D400CA6E13 /* GuardStatements.app */,
			);
			name = Products;
			sourceTree = "<group>";
		};
		15487DED1C6D04D400CA6E13 /* GuardStatements */ = {
			isa = PBXGroup;
			children = (
				15487DEE1C6D04D500CA6E13 /* AppDelegate.swift */,
				15487DF01C6D04D500CA6E13 /* ViewController.swift */,
				15487DF21C6D04D500CA6E13 /* Main.storyboard */,
				15487DF51C6D04D500CA6E13 /* Assets.xcassets */,
				15487DF71C6D04D500CA6E13 /* LaunchScreen.storyboard */,
				15487DFA1C6D04D500CA6E13 /* Info.plist */,
			);
			path = GuardStatements;
			sourceTree = "<group>";
		};
/* End PBXGroup section */

/* Begin PBXNativeTarget section */
		15487DEA1C6D04D400CA6E13 /* GuardStatements */ = {
			isa = PBXNativeTarget;
			buildConfigurationList = 15487DFD1C6D04D500CA6E13 /* Build configuration list for PBXNativeTarget "GuardStatements" */;
			buildPhases = (
				15487DE71C6D04D400CA6E13 /* Sources */,
				15487DE81C6D04D400CA6E13 /* Frameworks */,
				15487DE91C6D04D400CA6E13 /* Resources */,
			);
			buildRules = (
			);
			dependencies = (
			);
			name = GuardStatements;
			productName = GuardStatements;
			productReference = 15487DEB1C6D04D400CA6E13 /* GuardStatements.app */;
			productType = "com.apple.product-type.application";
		};
/* End PBXNativeTarget section */

/* Begin PBXProject section */
		15487DE31C6D04D400CA6E13 /* Project object */ = {
			isa = PBXProject;
			attributes = {
				LastSwiftUpdateCheck = 0720;
				LastUpgradeCheck = 0720;
				ORGANIZATIONNAME = "Randall Mardus";
				TargetAttributes = {
					15487DEA1C6D04D400CA6E13 = {
						CreatedOnToolsVersion = 7.2;
					};
				};
			};
			buildConfigurationList = 15487DE61C6D04D400CA6E13 /* Build configuration list for PBXProject "GuardStatements" */;
			compatibilityVersion = "Xcode 3.2";
			developmentRegion = English;
			hasScannedForEncodings = 0;
			knownRegions = (
				en,
				Base,
			);
			mainGroup = 15487DE21C6D04D400CA6E13;
			productRefGroup = 15487DEC1C6D04D400CA6E13 /* Products */;
			projectDirPath = "";
			projectRoot = "";
			targets = (
				15487DEA1C6D04D400CA6E13 /* GuardStatements */,
			);
		};
/* End PBXProject section */

/* Begin PBXResourcesBuildPhase section */
		15487DE91C6D04D400CA6E13 /* Resources */ = {
			isa = PBXResourcesBuildPhase;
			buildActionMask = 2147483647;
			files = (
				15487DF91C6D04D500CA6E13 /* LaunchScreen.storyboard in Resources */,
				15487DF61C6D04D500CA6E13 /* Assets.xcassets in Resources */,
				15487DF41C6D04D500CA6E13 /* Main.storyboard in Resources */,
			);
			runOnlyForDeploymentPostprocessing = 0;
		};
/* End PBXResourcesBuildPhase section */

/* Begin PBXSourcesBuildPhase section */
		15487DE71C6D04D400CA6E13 /* Sources */ = {
			isa = PBXSourcesBuildPhase;
			buildActionMask = 2147483647;
			files = (
				15487DF11C6D04D500CA6E13 /* ViewController.swift in Sources */,
				15487DEF1C6D04D500CA6E13 /* AppDelegate.swift in Sources */,
			);
			runOnlyForDeploymentPostprocessing = 0;
		};
/* End PBXSourcesBuildPhase section */

/* Begin PBXVariantGroup section */
		15487DF21C6D04D500CA6E13 /* Main.storyboard */ = {
			isa = PBXVariantGroup;
			children = (
				15487DF31C6D04D500CA6E13 /* Base */,
			);
			name = Main.storyboard;
			sourceTree = "<group>";
		};
		15487DF71C6D04D500CA6E13 /* LaunchScreen.storyboard */ = {
			isa = PBXVariantGroup;
			children = (
				15487DF81C6D04D500CA6E13 /* Base */,
			);
			name = LaunchScreen.storyboard;
			sourceTree = "<group>";
		};
/* End PBXVariantGroup section */

/* Begin XCBuildConfiguration section */
		15487DFB1C6D04D500CA6E13 /* Debug */ = {
			isa = XCBuildConfiguration;
			buildSettings = {
				ALWAYS_SEARCH_USER_PATHS = NO;
				CLANG_CXX_LANGUAGE_STANDARD = "gnu++0x";
				CLANG_CXX_LIBRARY = "libc++";
				CLANG_ENABLE_MODULES = YES;
				CLANG_ENABLE_OBJC_ARC = YES;
				CLANG_WARN_BOOL_CONVERSION = YES;
				CLANG_WARN_CONSTANT_CONVERSION = YES;
				CLANG_WARN_DIRECT_OBJC_ISA_USAGE = YES_ERROR;
				CLANG_WARN_EMPTY_BODY = YES;
				CLANG_WARN_ENUM_CONVERSION = YES;
				CLANG_WARN_INT_CONVERSION = YES;
				CLANG_WARN_OBJC_ROOT_CLASS = YES_ERROR;
				CLANG_WARN_UNREACHABLE_CODE = YES;
				CLANG_WARN__DUPLICATE_METHOD_MATCH = YES;
				"CODE_SIGN_IDENTITY[sdk=iphoneos*]" = "iPhone Developer";
				COPY_PHASE_STRIP = NO;
				DEBUG_INFORMATION_FORMAT = dwarf;
				ENABLE_STRICT_OBJC_MSGSEND = YES;
				ENABLE_TESTABILITY = YES;
				GCC_C_LANGUAGE_STANDARD = gnu99;
				GCC_DYNAMIC_NO_PIC = NO;
				GCC_NO_COMMON_BLOCKS = YES;
				GCC_OPTIMIZATION_LEVEL = 0;
				GCC_PREPROCESSOR_DEFINITIONS = (
					"DEBUG=1",
					"$(inherited)",
				);
				GCC_WARN_64_TO_32_BIT_CONVERSION = YES;
				GCC_WARN_ABOUT_RETURN_TYPE = YES_ERROR;
				GCC_WARN_UNDECLARED_SELECTOR = YES;
				GCC_WARN_UNINITIALIZED_AUTOS = YES_AGGRESSIVE;
				GCC_WARN_UNUSED_FUNCTION = YES;
				GCC_WARN_UNUSED_VARIABLE = YES;
				IPHONEOS_DEPLOYMENT_TARGET = 9.2;
				MTL_ENABLE_DEBUG_INFO = YES;
				ONLY_ACTIVE_ARCH = YES;
				SDKROOT = iphoneos;
				SWIFT_OPTIMIZATION_LEVEL = "-Onone";
				TARGETED_DEVICE_FAMILY = "1,2";
			};
			name = Debug;
		};
		15487DFC1C6D04D500CA6E13 /* Release */ = {
			isa = XCBuildConfiguration;
			buildSettings = {
				ALWAYS_SEARCH_USER_PATHS = NO;
				CLANG_CXX_LANGUAGE_STANDARD = "gnu++0x";
				CLANG_CXX_LIBRARY = "libc++";
				CLANG_ENABLE_MODULES = YES;
				CLANG_ENABLE_OBJC_ARC = YES;
				CLANG_WARN_BOOL_CONVERSION = YES;
				CLANG_WARN_CONSTANT_CONVERSION = YES;
				CLANG_WARN_DIRECT_OBJC_ISA_USAGE = YES_ERROR;
				CLANG_WARN_EMPTY_BODY = YES;
				CLANG_WARN_ENUM_CONVERSION = YES;
				CLANG_WARN_INT_CONVERSION = YES;
				CLANG_WARN_OBJC_ROOT_CLASS = YES_ERROR;
				CLANG_WARN_UNREACHABLE_CODE = YES;
				CLANG_WARN__DUPLICATE_METHOD_MATCH = YES;
				"CODE_SIGN_IDENTITY[sdk=iphoneos*]" = "iPhone Developer";
				COPY_PHASE_STRIP = NO;
				DEBUG_INFORMATION_FORMAT = "dwarf-with-dsym";
				ENABLE_NS_ASSERTIONS = NO;
				ENABLE_STRICT_OBJC_MSGSEND = YES;
				GCC_C_LANGUAGE_STANDARD = gnu99;
				GCC_NO_COMMON_BLOCKS = YES;
				GCC_WARN_64_TO_32_BIT_CONVERSION = YES;
				GCC_WARN_ABOUT_RETURN_TYPE = YES_ERROR;
				GCC_WARN_UNDECLARED_SELECTOR = YES;
				GCC_WARN_UNINITIALIZED_AUTOS = YES_AGGRESSIVE;
				GCC_WARN_UNUSED_FUNCTION = YES;
				GCC_WARN_UNUSED_VARIABLE = YES;
				IPHONEOS_DEPLOYMENT_TARGET = 9.2;
				MTL_ENABLE_DEBUG_INFO = NO;
				SDKROOT = iphoneos;
				TARGETED_DEVICE_FAMILY = "1,2";
				VALIDATE_PRODUCT = YES;
			};
			name = Release;
		};
		15487DFE1C6D04D500CA6E13 /* Debug */ = {
			isa = XCBuildConfiguration;
			buildSettings = {
				ASSETCATALOG_COMPILER_APPICON_NAME = AppIcon;
				INFOPLIST_FILE = GuardStatements/Info.plist;
				LD_RUNPATH_SEARCH_PATHS = "$(inherited) @executable_path/Frameworks";
				PRODUCT_BUNDLE_IDENTIFIER = self.edu.GuardStatements;
				PRODUCT_NAME = "$(TARGET_NAME)";
			};
			name = Debug;
		};
		15487DFF1C6D04D500CA6E13 /* Release */ = {
			isa = XCBuildConfiguration;
			buildSettings = {
				ASSETCATALOG_COMPILER_APPICON_NAME = AppIcon;
				INFOPLIST_FILE = GuardStatements/Info.plist;
				LD_RUNPATH_SEARCH_PATHS = "$(inherited) @executable_path/Frameworks";
				PRODUCT_BUNDLE_IDENTIFIER = self.edu.GuardStatements;
				PRODUCT_NAME = "$(TARGET_NAME)";
			};
			name = Release;
		};
/* End XCBuildConfiguration section */

/* Begin XCConfigurationList section */
		15487DE61C6D04D400CA6E13 /* Build configuration list for PBXProject "GuardStatements" */ = {
			isa = XCConfigurationList;
			buildConfigurations = (
				15487DFB1C6D04D500CA6E13 /* Debug */,
				15487DFC1C6D04D500CA6E13 /* Release */,
			);
			defaultConfigurationIsVisible = 0;
			defaultConfigurationName = Release;
		};
		15487DFD1C6D04D500CA6E13 /* Build configuration list for PBXNativeTarget "GuardStatements" */ = {
			isa = XCConfigurationList;
			buildConfigurations = (
				15487DFE1C6D04D500CA6E13 /* Debug */,
				15487DFF1C6D04D500CA6E13 /* Release */,
			);
			defaultConfigurationIsVisible = 0;
		};
/* End XCConfigurationList section */
	};
	rootObject = 15487DE31C6D04D400CA6E13 /* Project object */;
}
